
Microsoft Visual Studio Solution File, Format Version 12.00
# Visual Studio Version 17
VisualStudioVersion = 17.12.35506.116
MinimumVisualStudioVersion = 10.0.40219.1
Project("{FAE04EC0-301F-11D3-BF4B-00C04F79EFBC}") = "Api", "Api\Api.csproj", "{506616F1-CBCA-48CA-89B6-45C5894415F0}"
EndProject
Project("{FAE04EC0-301F-11D3-BF4B-00C04F79EFBC}") = "Core", "Core\Core.csproj", "{8FBD40A3-2D84-4BD7-A040-DF6DC077AA58}"
EndProject
Project("{FAE04EC0-301F-11D3-BF4B-00C04F79EFBC}") = "Infra", "Infra\Infra.csproj", "{2499CD9A-15A2-4528-9123-D4AFADFE593D}"
EndProject
Project("{2150E333-8FDC-42A3-9474-1A3956D46DE8}") = "tests", "tests", "{0BCE5446-877A-48F7-82BE-15691B01356F}"
EndProject
Project("{FAE04EC0-301F-11D3-BF4B-00C04F79EFBC}") = "UnitTest", "UnitTest\UnitTest.csproj", "{FF6F79B7-8303-470A-AA0A-5768ABEBAA07}"
EndProject
Global
	GlobalSection(SolutionConfigurationPlatforms) = preSolution
		Debug|Any CPU = Debug|Any CPU
		Release|Any CPU = Release|Any CPU
	EndGlobalSection
	GlobalSection(ProjectConfigurationPlatforms) = postSolution
		{506616F1-CBCA-48CA-89B6-45C5894415F0}.Debug|Any CPU.ActiveCfg = Debug|Any CPU
		{506616F1-CBCA-48CA-89B6-45C5894415F0}.Debug|Any CPU.Build.0 = Debug|Any CPU
		{506616F1-CBCA-48CA-89B6-45C5894415F0}.Release|Any CPU.ActiveCfg = Release|Any CPU
		{506616F1-CBCA-48CA-89B6-45C5894415F0}.Release|Any CPU.Build.0 = Release|Any CPU
		{8FBD40A3-2D84-4BD7-A040-DF6DC077AA58}.Debug|Any CPU.ActiveCfg = Debug|Any CPU
		{8FBD40A3-2D84-4BD7-A040-DF6DC077AA58}.Debug|Any CPU.Build.0 = Debug|Any CPU
		{8FBD40A3-2D84-4BD7-A040-DF6DC077AA58}.Release|Any CPU.ActiveCfg = Release|Any CPU
		{8FBD40A3-2D84-4BD7-A040-DF6DC077AA58}.Release|Any CPU.Build.0 = Release|Any CPU
		{2499CD9A-15A2-4528-9123-D4AFADFE593D}.Debug|Any CPU.ActiveCfg = Debug|Any CPU
		{2499CD9A-15A2-4528-9123-D4AFADFE593D}.Debug|Any CPU.Build.0 = Debug|Any CPU
		{2499CD9A-15A2-4528-9123-D4AFADFE593D}.Release|Any CPU.ActiveCfg = Release|Any CPU
		{2499CD9A-15A2-4528-9123-D4AFADFE593D}.Release|Any CPU.Build.0 = Release|Any CPU
		{FF6F79B7-8303-470A-AA0A-5768ABEBAA07}.Debug|Any CPU.ActiveCfg = Debug|Any CPU
		{FF6F79B7-8303-470A-AA0A-5768ABEBAA07}.Debug|Any CPU.Build.0 = Debug|Any CPU
		{FF6F79B7-8303-470A-AA0A-5768ABEBAA07}.Release|Any CPU.ActiveCfg = Release|Any CPU
		{FF6F79B7-8303-470A-AA0A-5768ABEBAA07}.Release|Any CPU.Build.0 = Release|Any CPU
	EndGlobalSection
	GlobalSection(SolutionProperties) = preSolution
		HideSolutionNode = FALSE
	EndGlobalSection
	GlobalSection(NestedProjects) = preSolution
		{FF6F79B7-8303-470A-AA0A-5768ABEBAA07} = {0BCE5446-877A-48F7-82BE-15691B01356F}
	EndGlobalSection
EndGlobal
